schema: '2.0'
stages:
  data_ingestion:
    cmd: python src/data/data_ingestion.py
    deps:
    - path: src/data/data_ingestion.py
      hash: md5
      md5: 6bef72c115db66d73c68820a12e06b1b
      size: 3015
    params:
      params.yaml:
        data_ingestion.test_size: 0.3
    outs:
    - path: data/raw/test.csv
      hash: md5
      md5: 00e92fbd32276319d5b2efb0c047cd51
      size: 248475
    - path: data/raw/train.csv
      hash: md5
      md5: 0b51c9a20421c5215654dc30eb0cb163
      size: 579498
  data_preprocessing:
    cmd: python src/data/data_preprocessing.py
    deps:
    - path: data/raw/test.csv
      hash: md5
      md5: 00e92fbd32276319d5b2efb0c047cd51
      size: 248475
    - path: data/raw/train.csv
      hash: md5
      md5: 0b51c9a20421c5215654dc30eb0cb163
      size: 579498
    - path: src/data/data_preprocessing.py
      hash: md5
      md5: 315f0d7633b49bebb4d09050c713745d
      size: 5048
    outs:
    - path: data/processed/test.csv
      hash: md5
      md5: 77e002c6632d604c0bfd70d9b845847e
      size: 169992
    - path: data/processed/train.csv
      hash: md5
      md5: c91070b226cb06f9b54abdf85ebb2cd4
      size: 396218
  feature_engineering:
    cmd: python features/features.py
    deps:
    - path: data/processed/test.csv
      hash: md5
      md5: 77e002c6632d604c0bfd70d9b845847e
      size: 169992
    - path: data/processed/train.csv
      hash: md5
      md5: c91070b226cb06f9b54abdf85ebb2cd4
      size: 396218
    - path: features/features.py
      hash: md5
      md5: 341708541b6cf7a3b2aae62b746e1bfe
      size: 1491
    params:
      params.yaml:
        feature_engg.max_features: 1200
    outs:
    - path: data/interim/test_tfidf.csv
      hash: md5
      md5: d1ff61169dc776fc8c69752532bd85f4
      size: 15208617
    - path: data/interim/train_tfidf.csv
      hash: md5
      md5: 9c71907ddc52509cabd91f0724015f34
      size: 35495232
  model_training:
    cmd: python modelling/modelling.py
    deps:
    - path: data/interim/train_tfidf.csv
      hash: md5
      md5: 9c71907ddc52509cabd91f0724015f34
      size: 35495232
    - path: modelling/modelling.py
      hash: md5
      md5: 68ce1c5e3ea5c6521eb1a07c28a000ef
      size: 3122
    params:
      params.yaml:
        model_building.max_depth: 20
        model_building.n_estimators: 80
    outs:
    - path: models/random_forest_model.pkl
      hash: md5
      md5: 2b8d4379e6a80c68233283ad798fd2f0
      size: 2465762
  model_evaluation:
    cmd: python modelling/model_evaluation.py
    deps:
    - path: data/interim/test_tfidf.csv
      hash: md5
      md5: d1ff61169dc776fc8c69752532bd85f4
      size: 15208617
    - path: modelling/model_evaluation.py
      hash: md5
      md5: 2973791ac0ee2e92c836782753f93d12
      size: 2663
    - path: models/random_forest_model.pkl
      hash: md5
      md5: 2b8d4379e6a80c68233283ad798fd2f0
      size: 2465762
    params:
      params.yaml:
        model_building.max_depth: 20
        model_building.n_estimators: 80
    outs:
    - path: reports/metrics.json
      hash: md5
      md5: 317fe7b2cc19c9bb540a746f7d1edc6b
      size: 146
